<?xml version="1.0" encoding="utf-8"?>
<Project ToolsVersion="4.0" xmlns="http://schemas.microsoft.com/developer/msbuild/2003">
  <ItemGroup>
    <Filter Include="glfw">
      <UniqueIdentifier>{1ec14076-2c32-480e-9623-2f1bf098d518}</UniqueIdentifier>
    </Filter>
    <Filter Include="shaders">
      <UniqueIdentifier>{50a32a50-6d95-4b7c-9442-a6142bb58f4f}</UniqueIdentifier>
    </Filter>
    <Filter Include="volk">
      <UniqueIdentifier>{0782be66-f19a-407e-87ac-ac33551f6202}</UniqueIdentifier>
    </Filter>
    <Filter Include="meshoptimizer">
      <UniqueIdentifier>{729b566a-58d5-4a97-9e8a-041aea27a9f1}</UniqueIdentifier>
    </Filter>
    <Filter Include="fast_obj">
      <UniqueIdentifier>{da0a16de-2714-4c76-a749-c66df8e5e749}</UniqueIdentifier>
    </Filter>
    <Filter Include="imgui">
      <UniqueIdentifier>{4895a97a-82e4-4d82-bf29-f428983a5c0b}</UniqueIdentifier>
    </Filter>
    <Filter Include="ligitprofiler">
      <UniqueIdentifier>{fbd5a505-8eb1-46bc-8387-16b68999c2e2}</UniqueIdentifier>
    </Filter>
    <Filter Include="imgui_impl">
      <UniqueIdentifier>{7f870a22-bf8d-4773-845e-10cc4243123f}</UniqueIdentifier>
    </Filter>
    <Filter Include="src">
      <UniqueIdentifier>{6b141d51-11ac-4f03-88c0-2ce852e0f880}</UniqueIdentifier>
    </Filter>
  </ItemGroup>
  <ItemGroup>
    <ClCompile Include="..\extern\glfw\src\context.c">
      <Filter>glfw</Filter>
    </ClCompile>
    <ClCompile Include="..\extern\glfw\src\init.c">
      <Filter>glfw</Filter>
    </ClCompile>
    <ClCompile Include="..\extern\glfw\src\input.c">
      <Filter>glfw</Filter>
    </ClCompile>
    <ClCompile Include="..\extern\glfw\src\monitor.c">
      <Filter>glfw</Filter>
    </ClCompile>
    <ClCompile Include="..\extern\glfw\src\win32_init.c">
      <Filter>glfw</Filter>
    </ClCompile>
    <ClCompile Include="..\extern\glfw\src\win32_joystick.c">
      <Filter>glfw</Filter>
    </ClCompile>
    <ClCompile Include="..\extern\glfw\src\win32_module.c">
      <Filter>glfw</Filter>
    </ClCompile>
    <ClCompile Include="..\extern\glfw\src\win32_monitor.c">
      <Filter>glfw</Filter>
    </ClCompile>
    <ClCompile Include="..\extern\glfw\src\win32_thread.c">
      <Filter>glfw</Filter>
    </ClCompile>
    <ClCompile Include="..\extern\glfw\src\win32_time.c">
      <Filter>glfw</Filter>
    </ClCompile>
    <ClCompile Include="..\extern\glfw\src\win32_window.c">
      <Filter>glfw</Filter>
    </ClCompile>
    <ClCompile Include="..\extern\glfw\src\window.c">
      <Filter>glfw</Filter>
    </ClCompile>
    <ClCompile Include="..\extern\glfw\src\egl_context.c">
      <Filter>glfw</Filter>
    </ClCompile>
    <ClCompile Include="..\extern\glfw\src\wgl_context.c">
      <Filter>glfw</Filter>
    </ClCompile>
    <ClCompile Include="..\extern\glfw\src\osmesa_context.c">
      <Filter>glfw</Filter>
    </ClCompile>
    <ClCompile Include="..\extern\glfw\src\vulkan.c">
      <Filter>glfw</Filter>
    </ClCompile>
    <ClCompile Include="..\extern\glfw\src\platform.c">
      <Filter>glfw</Filter>
    </ClCompile>
    <ClCompile Include="..\extern\glfw\src\null_init.c">
      <Filter>glfw</Filter>
    </ClCompile>
    <ClCompile Include="..\extern\glfw\src\null_joystick.c">
      <Filter>glfw</Filter>
    </ClCompile>
    <ClCompile Include="..\extern\glfw\src\null_monitor.c">
      <Filter>glfw</Filter>
    </ClCompile>
    <ClCompile Include="..\extern\glfw\src\null_window.c">
      <Filter>glfw</Filter>
    </ClCompile>
    <ClCompile Include="..\extern\volk\volk.c">
      <Filter>volk</Filter>
    </ClCompile>
    <ClCompile Include="..\extern\meshoptimizer\src\allocator.cpp">
      <Filter>meshoptimizer</Filter>
    </ClCompile>
    <ClCompile Include="..\extern\meshoptimizer\src\clusterizer.cpp">
      <Filter>meshoptimizer</Filter>
    </ClCompile>
    <ClCompile Include="..\extern\meshoptimizer\src\indexcodec.cpp">
      <Filter>meshoptimizer</Filter>
    </ClCompile>
    <ClCompile Include="..\extern\meshoptimizer\src\indexgenerator.cpp">
      <Filter>meshoptimizer</Filter>
    </ClCompile>
    <ClCompile Include="..\extern\meshoptimizer\src\overdrawanalyzer.cpp">
      <Filter>meshoptimizer</Filter>
    </ClCompile>
    <ClCompile Include="..\extern\meshoptimizer\src\overdrawoptimizer.cpp">
      <Filter>meshoptimizer</Filter>
    </ClCompile>
    <ClCompile Include="..\extern\meshoptimizer\src\simplifier.cpp">
      <Filter>meshoptimizer</Filter>
    </ClCompile>
    <ClCompile Include="..\extern\meshoptimizer\src\spatialorder.cpp">
      <Filter>meshoptimizer</Filter>
    </ClCompile>
    <ClCompile Include="..\extern\meshoptimizer\src\stripifier.cpp">
      <Filter>meshoptimizer</Filter>
    </ClCompile>
    <ClCompile Include="..\extern\meshoptimizer\src\vcacheanalyzer.cpp">
      <Filter>meshoptimizer</Filter>
    </ClCompile>
    <ClCompile Include="..\extern\meshoptimizer\src\vcacheoptimizer.cpp">
      <Filter>meshoptimizer</Filter>
    </ClCompile>
    <ClCompile Include="..\extern\meshoptimizer\src\vertexcodec.cpp">
      <Filter>meshoptimizer</Filter>
    </ClCompile>
    <ClCompile Include="..\extern\meshoptimizer\src\vertexfilter.cpp">
      <Filter>meshoptimizer</Filter>
    </ClCompile>
    <ClCompile Include="..\extern\meshoptimizer\src\vfetchanalyzer.cpp">
      <Filter>meshoptimizer</Filter>
    </ClCompile>
    <ClCompile Include="..\extern\meshoptimizer\src\vfetchoptimizer.cpp">
      <Filter>meshoptimizer</Filter>
    </ClCompile>
    <ClCompile Include="proj_vk.cpp" />
    <ClCompile Include="..\extern\fast_obj\fast_obj.c">
      <Filter>fast_obj</Filter>
    </ClCompile>
    <ClCompile Include="..\extern\dear-imgui\imgui.cpp">
      <Filter>imgui</Filter>
    </ClCompile>
    <ClCompile Include="..\extern\dear-imgui\imgui_demo.cpp">
      <Filter>imgui</Filter>
    </ClCompile>
    <ClCompile Include="..\extern\dear-imgui\imgui_draw.cpp">
      <Filter>imgui</Filter>
    </ClCompile>
    <ClCompile Include="..\extern\dear-imgui\imgui_tables.cpp">
      <Filter>imgui</Filter>
    </ClCompile>
    <ClCompile Include="..\extern\dear-imgui\imgui_widgets.cpp">
      <Filter>imgui</Filter>
    </ClCompile>
    <ClCompile Include="imgui_impl\imgui_impl_vulkan.cpp">
      <Filter>imgui_impl</Filter>
    </ClCompile>
    <ClCompile Include="resources.cpp">
      <Filter>src</Filter>
    </ClCompile>
    <ClCompile Include="shaders.cpp">
      <Filter>src</Filter>
    </ClCompile>
    <ClCompile Include="swapchain.cpp">
      <Filter>src</Filter>
    </ClCompile>
    <ClCompile Include="device.cpp">
      <Filter>src</Filter>
    </ClCompile>
  </ItemGroup>
  <ItemGroup>
    <ClInclude Include="..\extern\glfw\src\win32_joystick.h">
      <Filter>glfw</Filter>
    </ClInclude>
    <ClInclude Include="..\extern\glfw\src\win32_platform.h">
      <Filter>glfw</Filter>
    </ClInclude>
    <ClInclude Include="..\extern\glfw\src\win32_thread.h">
      <Filter>glfw</Filter>
    </ClInclude>
    <ClInclude Include="..\extern\glfw\src\win32_time.h">
      <Filter>glfw</Filter>
    </ClInclude>
    <ClInclude Include="..\extern\glfw\src\null_joystick.h">
      <Filter>glfw</Filter>
    </ClInclude>
    <ClInclude Include="..\extern\glfw\src\null_platform.h">
      <Filter>glfw</Filter>
    </ClInclude>
    <ClInclude Include="..\extern\volk\volk.h">
      <Filter>volk</Filter>
    </ClInclude>
    <ClInclude Include="..\extern\meshoptimizer\src\meshoptimizer.h">
      <Filter>meshoptimizer</Filter>
    </ClInclude>
    <ClInclude Include="..\extern\fast_obj\fast_obj.h">
      <Filter>fast_obj</Filter>
    </ClInclude>
    <ClInclude Include="..\extern\dear-imgui\imconfig.h">
      <Filter>imgui</Filter>
    </ClInclude>
    <ClInclude Include="..\extern\dear-imgui\imgui.h">
      <Filter>imgui</Filter>
    </ClInclude>
    <ClInclude Include="..\extern\dear-imgui\imgui_internal.h">
      <Filter>imgui</Filter>
    </ClInclude>
    <ClInclude Include="..\extern\dear-imgui\imstb_rectpack.h">
      <Filter>imgui</Filter>
    </ClInclude>
    <ClInclude Include="..\extern\dear-imgui\imstb_textedit.h">
      <Filter>imgui</Filter>
    </ClInclude>
    <ClInclude Include="..\extern\dear-imgui\imstb_truetype.h">
      <Filter>imgui</Filter>
    </ClInclude>
    <ClInclude Include="..\extern\ligitProfiler\ImGuiProfilerRenderer.h">
      <Filter>ligitprofiler</Filter>
    </ClInclude>
    <ClInclude Include="..\extern\ligitProfiler\ProfilerTask.h">
      <Filter>ligitprofiler</Filter>
    </ClInclude>
    <ClInclude Include="imgui_impl\imgui_impl_vulkan.h">
      <Filter>imgui_impl</Filter>
    </ClInclude>
    <ClInclude Include="resources.h">
      <Filter>src</Filter>
    </ClInclude>
    <ClInclude Include="swapchain.h">
      <Filter>src</Filter>
    </ClInclude>
    <ClInclude Include="mesh.h">
      <Filter>src</Filter>
    </ClInclude>
    <ClInclude Include="common.h">
      <Filter>src</Filter>
    </ClInclude>
    <ClInclude Include="shaders.h">
      <Filter>src</Filter>
    </ClInclude>
    <ClInclude Include="device.h">
      <Filter>src</Filter>
    </ClInclude>
  </ItemGroup>
  <ItemGroup>
    <CustomBuild Include="shaders\meshlet.mesh.glsl">
      <Filter>shaders</Filter>
    </CustomBuild>
    <CustomBuild Include="shaders\meshlet.task.glsl">
      <Filter>shaders</Filter>
    </CustomBuild>
    <CustomBuild Include="shaders\mesh.vert.glsl">
      <Filter>shaders</Filter>
    </CustomBuild>
    <CustomBuild Include="shaders\mesh.frag.glsl">
      <Filter>shaders</Filter>
    </CustomBuild>
  </ItemGroup>
</Project>