<?xml version="1.0" encoding="utf-8"?>
<Project ToolsVersion="4.0" xmlns="http://schemas.microsoft.com/developer/msbuild/2003">
  <ItemGroup>
    <ClCompile Include="vk_ms.cpp" />
    <ClCompile Include="..\externs\fast_obj\fast_obj.c">
      <Filter>fast_obj</Filter>
    </ClCompile>
    <ClCompile Include="..\externs\glfw\src\wgl_context.c">
      <Filter>glfw</Filter>
    </ClCompile>
    <ClCompile Include="..\externs\glfw\src\win32_init.c">
      <Filter>glfw</Filter>
    </ClCompile>
    <ClCompile Include="..\externs\glfw\src\win32_joystick.c">
      <Filter>glfw</Filter>
    </ClCompile>
    <ClCompile Include="..\externs\glfw\src\win32_monitor.c">
      <Filter>glfw</Filter>
    </ClCompile>
    <ClCompile Include="..\externs\glfw\src\win32_thread.c">
      <Filter>glfw</Filter>
    </ClCompile>
    <ClCompile Include="..\externs\glfw\src\win32_time.c">
      <Filter>glfw</Filter>
    </ClCompile>
    <ClCompile Include="..\externs\glfw\src\win32_window.c">
      <Filter>glfw</Filter>
    </ClCompile>
    <ClCompile Include="..\externs\glfw\src\window.c">
      <Filter>glfw</Filter>
    </ClCompile>
    <ClCompile Include="..\externs\meshoptimizer\src\allocator.cpp">
      <Filter>meshoptimizer</Filter>
    </ClCompile>
    <ClCompile Include="..\externs\meshoptimizer\src\clusterizer.cpp">
      <Filter>meshoptimizer</Filter>
    </ClCompile>
    <ClCompile Include="..\externs\glfw\src\context.c">
      <Filter>glfw</Filter>
    </ClCompile>
    <ClCompile Include="..\externs\glfw\src\egl_context.c">
      <Filter>glfw</Filter>
    </ClCompile>
    <ClCompile Include="..\externs\meshoptimizer\src\indexcodec.cpp">
      <Filter>meshoptimizer</Filter>
    </ClCompile>
    <ClCompile Include="..\externs\meshoptimizer\src\indexgenerator.cpp">
      <Filter>meshoptimizer</Filter>
    </ClCompile>
    <ClCompile Include="..\externs\glfw\src\init.c">
      <Filter>glfw</Filter>
    </ClCompile>
    <ClCompile Include="..\externs\glfw\src\input.c">
      <Filter>glfw</Filter>
    </ClCompile>
    <ClCompile Include="..\externs\glfw\src\null_init.c">
      <Filter>glfw</Filter>
    </ClCompile>
    <ClCompile Include="..\externs\glfw\src\null_joystick.c">
      <Filter>glfw</Filter>
    </ClCompile>
    <ClCompile Include="..\externs\glfw\src\null_monitor.c">
      <Filter>glfw</Filter>
    </ClCompile>
    <ClCompile Include="..\externs\glfw\src\null_window.c">
      <Filter>glfw</Filter>
    </ClCompile>
    <ClCompile Include="..\externs\glfw\src\monitor.c">
      <Filter>glfw</Filter>
    </ClCompile>
    <ClCompile Include="..\externs\meshoptimizer\src\overdrawanalyzer.cpp">
      <Filter>meshoptimizer</Filter>
    </ClCompile>
    <ClCompile Include="..\externs\meshoptimizer\src\overdrawoptimizer.cpp">
      <Filter>meshoptimizer</Filter>
    </ClCompile>
    <ClCompile Include="..\externs\glfw\src\osmesa_context.c">
      <Filter>meshoptimizer</Filter>
    </ClCompile>
    <ClCompile Include="..\externs\meshoptimizer\src\stripifier.cpp">
      <Filter>meshoptimizer</Filter>
    </ClCompile>
    <ClCompile Include="..\externs\meshoptimizer\src\simplifier.cpp">
      <Filter>meshoptimizer</Filter>
    </ClCompile>
    <ClCompile Include="..\externs\meshoptimizer\src\spatialorder.cpp">
      <Filter>meshoptimizer</Filter>
    </ClCompile>
    <ClCompile Include="..\externs\meshoptimizer\src\vfetchoptimizer.cpp">
      <Filter>meshoptimizer</Filter>
    </ClCompile>
    <ClCompile Include="..\externs\meshoptimizer\src\vcacheanalyzer.cpp">
      <Filter>meshoptimizer</Filter>
    </ClCompile>
    <ClCompile Include="..\externs\meshoptimizer\src\vcacheoptimizer.cpp">
      <Filter>meshoptimizer</Filter>
    </ClCompile>
    <ClCompile Include="..\externs\meshoptimizer\src\vertexcodec.cpp">
      <Filter>meshoptimizer</Filter>
    </ClCompile>
    <ClCompile Include="..\externs\meshoptimizer\src\vertexfilter.cpp">
      <Filter>meshoptimizer</Filter>
    </ClCompile>
    <ClCompile Include="..\externs\meshoptimizer\src\vfetchanalyzer.cpp">
      <Filter>meshoptimizer</Filter>
    </ClCompile>
    <ClCompile Include="resources.cpp">
      <Filter>src</Filter>
    </ClCompile>
    <ClCompile Include="shaders.cpp">
      <Filter>src</Filter>
    </ClCompile>
    <ClCompile Include="swapchain.cpp">
      <Filter>src</Filter>
    </ClCompile>
    <ClCompile Include="ui.cpp">
      <Filter>src</Filter>
    </ClCompile>
    <ClCompile Include="..\externs\glfw\src\vulkan.c">
      <Filter>glfw</Filter>
    </ClCompile>
    <ClCompile Include="..\externs\volk\volk.c">
      <Filter>volk</Filter>
    </ClCompile>
    <ClCompile Include="device.cpp">
      <Filter>src</Filter>
    </ClCompile>
    <ClCompile Include="..\externs\imgui\imgui.cpp">
      <Filter>imgui</Filter>
    </ClCompile>
    <ClCompile Include="..\externs\imgui\imgui_demo.cpp">
      <Filter>imgui</Filter>
    </ClCompile>
    <ClCompile Include="..\externs\imgui\imgui_draw.cpp">
      <Filter>imgui</Filter>
    </ClCompile>
    <ClCompile Include="..\externs\imgui\imgui_tables.cpp">
      <Filter>imgui</Filter>
    </ClCompile>
    <ClCompile Include="..\externs\imgui\imgui_widgets.cpp">
      <Filter>imgui</Filter>
    </ClCompile>
    <ClCompile Include="..\externs\glfw\src\platform.c">
      <Filter>glfw</Filter>
    </ClCompile>
    <ClCompile Include="..\externs\glfw\src\win32_module.c">
      <Filter>glfw</Filter>
    </ClCompile>
    <ClCompile Include="camera.cpp">
      <Filter>src</Filter>
    </ClCompile>
    <ClCompile Include="mesh.cpp">
      <Filter>src</Filter>
    </ClCompile>
    <ClCompile Include="scene.cpp">
      <Filter>src</Filter>
    </ClCompile>
    <ClCompile Include="framegraph.cpp">
      <Filter>src</Filter>
    </ClCompile>
    <ClCompile Include="debug.cpp">
      <Filter>src</Filter>
    </ClCompile>
    <ClCompile Include="framegraph_2.cpp">
      <Filter>src</Filter>
    </ClCompile>
    <ClCompile Include="rhi_context_vk.cpp">
      <Filter>src</Filter>
    </ClCompile>
    <ClCompile Include="vkz.cpp">
      <Filter>src</Filter>
    </ClCompile>
    <ClCompile Include="alloc.cpp">
      <Filter>src</Filter>
    </ClCompile>
    <ClCompile Include="demo.cpp" />
    <ClCompile Include="rhi_context.cpp">
      <Filter>src</Filter>
    </ClCompile>
    <ClCompile Include="vk_resource.cpp">
      <Filter>src</Filter>
    </ClCompile>
    <ClCompile Include="vk_shaders.cpp">
      <Filter>src</Filter>
    </ClCompile>
    <ClCompile Include="vk_device.cpp">
      <Filter>src</Filter>
    </ClCompile>
    <ClCompile Include="vk_swapchain.cpp">
      <Filter>src</Filter>
    </ClCompile>
    <ClCompile Include="vkz_ui.cpp" />
    <ClCompile Include="cmd_list_vk.cpp">
      <Filter>src</Filter>
    </ClCompile>
    <ClCompile Include="vkz_pyramid.cpp" />
    <ClCompile Include="..\externs\tracy\public\TracyClient.cpp">
      <Filter>tracy</Filter>
    </ClCompile>
  </ItemGroup>
  <ItemGroup>
    <ClInclude Include="..\externs\fast_obj\fast_obj.h">
      <Filter>fast_obj</Filter>
    </ClInclude>
    <ClInclude Include="shaders\math.h">
      <Filter>shaders</Filter>
    </ClInclude>
    <ClInclude Include="shaders\mesh_gpu.h">
      <Filter>shaders</Filter>
    </ClInclude>
    <ClInclude Include="..\externs\glfw\src\win32_joystick.h">
      <Filter>glfw</Filter>
    </ClInclude>
    <ClInclude Include="..\externs\glfw\src\win32_platform.h">
      <Filter>glfw</Filter>
    </ClInclude>
    <ClInclude Include="..\externs\meshoptimizer\src\meshoptimizer.h">
      <Filter>meshoptimizer</Filter>
    </ClInclude>
    <ClInclude Include="..\externs\glfw\src\null_joystick.h">
      <Filter>glfw</Filter>
    </ClInclude>
    <ClInclude Include="..\externs\glfw\src\null_platform.h">
      <Filter>glfw</Filter>
    </ClInclude>
    <ClInclude Include="ui.h">
      <Filter>src</Filter>
    </ClInclude>
    <ClInclude Include="resources.h">
      <Filter>src</Filter>
    </ClInclude>
    <ClInclude Include="shaders.h">
      <Filter>src</Filter>
    </ClInclude>
    <ClInclude Include="swapchain.h">
      <Filter>src</Filter>
    </ClInclude>
    <ClInclude Include="..\externs\ligitProfiler\ProfilerTask.h">
      <Filter>ligitProfiler</Filter>
    </ClInclude>
    <ClInclude Include="..\externs\volk\volk.h">
      <Filter>volk</Filter>
    </ClInclude>
    <ClInclude Include="math.h">
      <Filter>src</Filter>
    </ClInclude>
    <ClInclude Include="common.h">
      <Filter>src</Filter>
    </ClInclude>
    <ClInclude Include="device.h">
      <Filter>src</Filter>
    </ClInclude>
    <ClInclude Include="..\externs\imgui\imconfig.h">
      <Filter>imgui</Filter>
    </ClInclude>
    <ClInclude Include="..\externs\imgui\imgui.h">
      <Filter>imgui</Filter>
    </ClInclude>
    <ClInclude Include="..\externs\imgui\imgui_internal.h">
      <Filter>imgui</Filter>
    </ClInclude>
    <ClInclude Include="..\externs\imgui\imstb_rectpack.h">
      <Filter>imgui</Filter>
    </ClInclude>
    <ClInclude Include="..\externs\imgui\imstb_textedit.h">
      <Filter>imgui</Filter>
    </ClInclude>
    <ClInclude Include="..\externs\imgui\imstb_truetype.h">
      <Filter>imgui</Filter>
    </ClInclude>
    <ClInclude Include="..\externs\glfw\src\platform.h">
      <Filter>glfw</Filter>
    </ClInclude>
    <ClInclude Include="uidata.h">
      <Filter>src</Filter>
    </ClInclude>
    <ClInclude Include="camera.h">
      <Filter>src</Filter>
    </ClInclude>
    <ClInclude Include="scene.h">
      <Filter>src</Filter>
    </ClInclude>
    <ClInclude Include="mesh.h">
      <Filter>src</Filter>
    </ClInclude>
    <ClInclude Include="framegraph.h">
      <Filter>src</Filter>
    </ClInclude>
    <ClInclude Include="debug.h">
      <Filter>src</Filter>
    </ClInclude>
    <ClInclude Include="framegraph_2.h">
      <Filter>src</Filter>
    </ClInclude>
    <ClInclude Include="rhi_context_vk.h">
      <Filter>src</Filter>
    </ClInclude>
    <ClInclude Include="handle.h">
      <Filter>src</Filter>
    </ClInclude>
    <ClInclude Include="vkz.h">
      <Filter>src</Filter>
    </ClInclude>
    <ClInclude Include="config.h">
      <Filter>src</Filter>
    </ClInclude>
    <ClInclude Include="alloc.h">
      <Filter>src</Filter>
    </ClInclude>
    <ClInclude Include="name.h">
      <Filter>src</Filter>
    </ClInclude>
    <ClInclude Include="demo.h" />
    <ClInclude Include="memory_operation.h">
      <Filter>src</Filter>
    </ClInclude>
    <ClInclude Include="rhi_context.h">
      <Filter>src</Filter>
    </ClInclude>
    <ClInclude Include="macro.h">
      <Filter>src</Filter>
    </ClInclude>
    <ClInclude Include="vk_resource.h">
      <Filter>src</Filter>
    </ClInclude>
    <ClInclude Include="vk_shaders.h">
      <Filter>src</Filter>
    </ClInclude>
    <ClInclude Include="vkz_structs.h">
      <Filter>src</Filter>
    </ClInclude>
    <ClInclude Include="vkz_structs_inner.h">
      <Filter>src</Filter>
    </ClInclude>
    <ClInclude Include="vk_device.h">
      <Filter>src</Filter>
    </ClInclude>
    <ClInclude Include="vk_swapchain.h">
      <Filter>src</Filter>
    </ClInclude>
    <ClInclude Include="util.h">
      <Filter>src</Filter>
    </ClInclude>
    <ClInclude Include="vkz_ui.h" />
    <ClInclude Include="cmd_list_vk.h">
      <Filter>src</Filter>
    </ClInclude>
    <ClInclude Include="cmd_list.h">
      <Filter>src</Filter>
    </ClInclude>
    <ClInclude Include="..\externs\tinystl\include\TINYSTL\allocator.h">
      <Filter>tinystl</Filter>
    </ClInclude>
    <ClInclude Include="..\externs\tinystl\include\TINYSTL\buffer.h">
      <Filter>tinystl</Filter>
    </ClInclude>
    <ClInclude Include="..\externs\tinystl\include\TINYSTL\hash.h">
      <Filter>tinystl</Filter>
    </ClInclude>
    <ClInclude Include="..\externs\tinystl\include\TINYSTL\hash_base.h">
      <Filter>tinystl</Filter>
    </ClInclude>
    <ClInclude Include="..\externs\tinystl\include\TINYSTL\new.h">
      <Filter>tinystl</Filter>
    </ClInclude>
    <ClInclude Include="..\externs\tinystl\include\TINYSTL\stddef.h">
      <Filter>tinystl</Filter>
    </ClInclude>
    <ClInclude Include="..\externs\tinystl\include\TINYSTL\string.h">
      <Filter>tinystl</Filter>
    </ClInclude>
    <ClInclude Include="..\externs\tinystl\include\TINYSTL\string_view.h">
      <Filter>tinystl</Filter>
    </ClInclude>
    <ClInclude Include="..\externs\tinystl\include\TINYSTL\traits.h">
      <Filter>tinystl</Filter>
    </ClInclude>
    <ClInclude Include="..\externs\tinystl\include\TINYSTL\unordered_map.h">
      <Filter>tinystl</Filter>
    </ClInclude>
    <ClInclude Include="..\externs\tinystl\include\TINYSTL\unordered_set.h">
      <Filter>tinystl</Filter>
    </ClInclude>
    <ClInclude Include="..\externs\tinystl\include\TINYSTL\vector.h">
      <Filter>tinystl</Filter>
    </ClInclude>
    <ClInclude Include="vkz_pyramid.h" />
    <ClInclude Include="..\externs\tracy\public\tracy\Tracy.hpp">
      <Filter>tracy</Filter>
    </ClInclude>
    <ClInclude Include="..\externs\tracy\public\tracy\TracyVulkan.hpp">
      <Filter>tracy</Filter>
    </ClInclude>
    <ClInclude Include="profiler.h">
      <Filter>src</Filter>
    </ClInclude>
    <ClInclude Include="colors.h">
      <Filter>src</Filter>
    </ClInclude>
  </ItemGroup>
  <ItemGroup>
    <CustomBuild Include="shaders\mesh.frag.glsl">
      <Filter>shaders</Filter>
    </CustomBuild>
    <CustomBuild Include="shaders\mesh.vert.glsl">
      <Filter>shaders</Filter>
    </CustomBuild>
    <CustomBuild Include="shaders\meshlet.mesh.glsl">
      <Filter>shaders</Filter>
    </CustomBuild>
    <CustomBuild Include="shaders\meshlet.task.glsl">
      <Filter>shaders</Filter>
    </CustomBuild>
    <CustomBuild Include="shaders\drawcmd.comp.glsl">
      <Filter>shaders</Filter>
    </CustomBuild>
    <CustomBuild Include="shaders\depthpyramid.comp.glsl">
      <Filter>shaders</Filter>
    </CustomBuild>
    <CustomBuild Include="shaders\ui.vert.glsl">
      <Filter>shaders</Filter>
    </CustomBuild>
    <CustomBuild Include="shaders\ui.frag.glsl">
      <Filter>shaders</Filter>
    </CustomBuild>
    <CustomBuild Include="shaders\taskmodify.comp.glsl">
      <Filter>shaders</Filter>
    </CustomBuild>
    <CustomBuild Include="shaders\meshlet.frag.glsl">
      <Filter>shaders</Filter>
    </CustomBuild>
    <CustomBuild Include="shaders\skybox.frag.glsl">
      <Filter>shaders</Filter>
    </CustomBuild>
    <CustomBuild Include="shaders\skybox.vert.glsl">
      <Filter>shaders</Filter>
    </CustomBuild>
    <CustomBuild Include="shaders\triangle.vert.glsl">
      <Filter>shaders</Filter>
    </CustomBuild>
    <CustomBuild Include="shaders\triangle.frag.glsl">
      <Filter>shaders</Filter>
    </CustomBuild>
  </ItemGroup>
  <ItemGroup>
    <Filter Include="fast_obj">
      <UniqueIdentifier>{4082c08a-38a6-4273-89a1-9d59a2eae7d3}</UniqueIdentifier>
    </Filter>
    <Filter Include="shaders">
      <UniqueIdentifier>{85bbb93a-d7d2-434e-87eb-463c6e9022f7}</UniqueIdentifier>
    </Filter>
    <Filter Include="glfw">
      <UniqueIdentifier>{fc6a3b8f-b802-45b7-85e9-8ca09c74fce6}</UniqueIdentifier>
    </Filter>
    <Filter Include="meshoptimizer">
      <UniqueIdentifier>{3a266351-050f-4d8c-a985-74d2b4a25887}</UniqueIdentifier>
    </Filter>
    <Filter Include="src">
      <UniqueIdentifier>{ad09c344-722f-4cf8-8283-1a3e5e87aa8c}</UniqueIdentifier>
    </Filter>
    <Filter Include="ligitProfiler">
      <UniqueIdentifier>{25cc3ca3-07f6-48d0-bc1e-c0c1b96c024d}</UniqueIdentifier>
    </Filter>
    <Filter Include="imgui">
      <UniqueIdentifier>{4e29730c-2515-4722-bb93-3cc3c631b9f4}</UniqueIdentifier>
    </Filter>
    <Filter Include="volk">
      <UniqueIdentifier>{441dea57-7170-4f9d-8798-f7affa107243}</UniqueIdentifier>
    </Filter>
    <Filter Include="tinystl">
      <UniqueIdentifier>{65cc79df-eb95-4d97-829f-da0ce4228dfd}</UniqueIdentifier>
    </Filter>
    <Filter Include="tracy">
      <UniqueIdentifier>{76bf0d40-85f5-498f-9721-5e13fe9f8e4a}</UniqueIdentifier>
    </Filter>
  </ItemGroup>
  <ItemGroup>
    <None Include="memory_operation.inl">
      <Filter>src</Filter>
    </None>
  </ItemGroup>
</Project>